version = 1
revision = 3
requires-python = ">=3.8"
resolution-markers = [
    "python_full_version >= '3.9'",
    "python_full_version < '3.9'",
]

[[package]]
name = "duckdb"
version = "1.3.2"
source = { registry = "https://pypi.org/simple" }
resolution-markers = [
    "python_full_version < '3.9'",
]
sdist = { url = "https://files.pythonhosted.org/packages/47/24/a2e7fb78fba577641c286fe33185789ab1e1569ccdf4d142e005995991d2/duckdb-1.3.2.tar.gz", hash = "sha256:c658df8a1bc78704f702ad0d954d82a1edd4518d7a04f00027ec53e40f591ff5", size = 11627775, upload-time = "2025-07-08T10:41:14.444Z" }
wheels = [
    { url = "https://files.pythonhosted.org/packages/6a/a0/13f45e67565800826ce0af12a0ab68fe9502dcac0e39bc03bf8a8cba61da/duckdb-1.3.2-cp310-cp310-macosx_12_0_arm64.whl", hash = "sha256:14676651b86f827ea10bf965eec698b18e3519fdc6266d4ca849f5af7a8c315e", size = 15518888, upload-time = "2025-07-08T10:39:58.167Z" },
    { url = "https://files.pythonhosted.org/packages/ec/28/daf9c01b5cb4058fc80070c74284c52f11581c888db2b0e73ca48f9bae23/duckdb-1.3.2-cp310-cp310-macosx_12_0_universal2.whl", hash = "sha256:e584f25892450757919639b148c2410402b17105bd404017a57fa9eec9c98919", size = 32495739, upload-time = "2025-07-08T10:40:01.027Z" },
    { url = "https://files.pythonhosted.org/packages/77/e0/5b50014d92eb6c879608183f6184186ab2cf324dd33e432174af93d19a44/duckdb-1.3.2-cp310-cp310-macosx_12_0_x86_64.whl", hash = "sha256:84a19f185ee0c5bc66d95908c6be19103e184b743e594e005dee6f84118dc22c", size = 17088139, upload-time = "2025-07-08T10:40:03.284Z" },
    { url = "https://files.pythonhosted.org/packages/a2/ff/291d74f8b4c988b2a7ee5f65d3073fe0cf4c6a4505aa1a6f28721bb2ebe2/duckdb-1.3.2-cp310-cp310-manylinux_2_27_aarch64.manylinux_2_28_aarch64.whl", hash = "sha256:186fc3f98943e97f88a1e501d5720b11214695571f2c74745d6e300b18bef80e", size = 19157693, upload-time = "2025-07-08T10:40:05.17Z" },
    { url = "https://files.pythonhosted.org/packages/65/50/9a1289619447d93a8c63b08f6ab22e1e6ce73a681e0dceb0cd0ea7558613/duckdb-1.3.2-cp310-cp310-manylinux_2_27_x86_64.manylinux_2_28_x86_64.whl", hash = "sha256:6b7e6bb613b73745f03bff4bb412f362d4a1e158bdcb3946f61fd18e9e1a8ddf", size = 21090480, upload-time = "2025-07-08T10:40:07.571Z" },
    { url = "https://files.pythonhosted.org/packages/e0/d1/8dc959e3ca16c4c32ab34e28ceea189edc9bf32523aaa976080fd2101835/duckdb-1.3.2-cp310-cp310-musllinux_1_2_x86_64.whl", hash = "sha256:1c90646b52a0eccda1f76b10ac98b502deb9017569e84073da00a2ab97763578", size = 22742078, upload-time = "2025-07-08T10:40:09.965Z" },
    { url = "https://files.pythonhosted.org/packages/7b/e8/126767fe5acbe01230f7431d999a2c2ef028ffdaebda8fe32ddb57628815/duckdb-1.3.2-cp310-cp310-win_amd64.whl", hash = "sha256:4cdffb1e60defbfa75407b7f2ccc322f535fd462976940731dfd1644146f90c6", size = 11387096, upload-time = "2025-07-08T10:40:11.804Z" },
    { url = "https://files.pythonhosted.org/packages/38/16/4cde40c37dd1f48d2f9ffa63027e8b668391c5cc32cbb59f7ca8b1cec6e2/duckdb-1.3.2-cp311-cp311-macosx_12_0_arm64.whl", hash = "sha256:e1872cf63aae28c3f1dc2e19b5e23940339fc39fb3425a06196c5d00a8d01040", size = 15520798, upload-time = "2025-07-08T10:40:13.867Z" },
    { url = "https://files.pythonhosted.org/packages/22/ca/9ca65db51868604007114a27cc7d44864d89328ad6a934668626618147ff/duckdb-1.3.2-cp311-cp311-macosx_12_0_universal2.whl", hash = "sha256:db256c206056468ae6a9e931776bdf7debaffc58e19a0ff4fa9e7e1e82d38b3b", size = 32502242, upload-time = "2025-07-08T10:40:15.949Z" },
    { url = "https://files.pythonhosted.org/packages/9e/ca/7f7cf01dd7731d358632fb516521f2962070a627558fb6fc3137e594bbaa/duckdb-1.3.2-cp311-cp311-macosx_12_0_x86_64.whl", hash = "sha256:1d57df2149d6e4e0bd5198689316c5e2ceec7f6ac0a9ec11bc2b216502a57b34", size = 17091841, upload-time = "2025-07-08T10:40:18.539Z" },
    { url = "https://files.pythonhosted.org/packages/4c/7f/38e518b8f51299410dcad9f1e99f1c99f3592516581467a2da344d3b5951/duckdb-1.3.2-cp311-cp311-manylinux_2_27_aarch64.manylinux_2_28_aarch64.whl", hash = "sha256:54f76c8b1e2a19dfe194027894209ce9ddb073fd9db69af729a524d2860e4680", size = 19158775, upload-time = "2025-07-08T10:40:20.804Z" },
    { url = "https://files.pythonhosted.org/packages/90/a3/41f3d42fddd9629846aac328eb295170e76782d8dfc5e58b3584b96fa296/duckdb-1.3.2-cp311-cp311-manylinux_2_27_x86_64.manylinux_2_28_x86_64.whl", hash = "sha256:45bea70b3e93c6bf766ce2f80fc3876efa94c4ee4de72036417a7bd1e32142fe", size = 21093951, upload-time = "2025-07-08T10:40:22.686Z" },
    { url = "https://files.pythonhosted.org/packages/11/8e/c5444b6890ae7f00836fd0cd17799abbcc3066bbab32e90b04aa8a8a5087/duckdb-1.3.2-cp311-cp311-musllinux_1_2_x86_64.whl", hash = "sha256:003f7d36f0d8a430cb0e00521f18b7d5ee49ec98aaa541914c6d0e008c306f1a", size = 22743891, upload-time = "2025-07-08T10:40:24.987Z" },
    { url = "https://files.pythonhosted.org/packages/87/a1/e240bd07671542ddf2084962e68a7d5c9b068d8da3f938e935af69441355/duckdb-1.3.2-cp311-cp311-win_amd64.whl", hash = "sha256:0eb210cedf08b067fa90c666339688f1c874844a54708562282bc54b0189aac6", size = 11387047, upload-time = "2025-07-08T10:40:27.443Z" },
    { url = "https://files.pythonhosted.org/packages/6c/5d/77f15528857c2b186ebec07778dc199ccc04aafb69fb7b15227af4f19ac9/duckdb-1.3.2-cp312-cp312-macosx_12_0_arm64.whl", hash = "sha256:2455b1ffef4e3d3c7ef8b806977c0e3973c10ec85aa28f08c993ab7f2598e8dd", size = 15538413, upload-time = "2025-07-08T10:40:29.551Z" },
    { url = "https://files.pythonhosted.org/packages/78/67/7e4964f688b846676c813a4acc527cd3454be8a9cafa10f3a9aa78d0d165/duckdb-1.3.2-cp312-cp312-macosx_12_0_universal2.whl", hash = "sha256:9d0ae509713da3461c000af27496d5413f839d26111d2a609242d9d17b37d464", size = 32535307, upload-time = "2025-07-08T10:40:31.632Z" },
    { url = "https://files.pythonhosted.org/packages/95/3d/2d7f8078194130dbf30b5ae154ce454bfc208c91aa5f3e802531a3e09bca/duckdb-1.3.2-cp312-cp312-macosx_12_0_x86_64.whl", hash = "sha256:72ca6143d23c0bf6426396400f01fcbe4785ad9ceec771bd9a4acc5b5ef9a075", size = 17110219, upload-time = "2025-07-08T10:40:34.072Z" },
    { url = "https://files.pythonhosted.org/packages/cd/05/36ff9000b9c6d2a68c1b248f133ee316fcac10c0ff817112cbf5214dbe91/duckdb-1.3.2-cp312-cp312-manylinux_2_27_aarch64.manylinux_2_28_aarch64.whl", hash = "sha256:b49a11afba36b98436db83770df10faa03ebded06514cb9b180b513d8be7f392", size = 19178569, upload-time = "2025-07-08T10:40:35.995Z" },
    { url = "https://files.pythonhosted.org/packages/ac/73/f85acbb3ac319a86abbf6b46103d58594d73529123377219980f11b388e9/duckdb-1.3.2-cp312-cp312-manylinux_2_27_x86_64.manylinux_2_28_x86_64.whl", hash = "sha256:36abdfe0d1704fe09b08d233165f312dad7d7d0ecaaca5fb3bb869f4838a2d0b", size = 21129975, upload-time = "2025-07-08T10:40:38.3Z" },
    { url = "https://files.pythonhosted.org/packages/32/40/9aa3267f3631ae06b30fb1045a48628f4dba7beb2efb485c0282b4a73367/duckdb-1.3.2-cp312-cp312-musllinux_1_2_x86_64.whl", hash = "sha256:3380aae1c4f2af3f37b0bf223fabd62077dd0493c84ef441e69b45167188e7b6", size = 22781859, upload-time = "2025-07-08T10:40:41.691Z" },
    { url = "https://files.pythonhosted.org/packages/8c/8d/47bf95f6999b327cf4da677e150cfce802abf9057b61a93a1f91e89d748c/duckdb-1.3.2-cp312-cp312-win_amd64.whl", hash = "sha256:11af73963ae174aafd90ea45fb0317f1b2e28a7f1d9902819d47c67cc957d49c", size = 11395337, upload-time = "2025-07-08T10:40:43.651Z" },
    { url = "https://files.pythonhosted.org/packages/f5/f0/8cac9713735864899e8abc4065bbdb3d1617f2130006d508a80e1b1a6c53/duckdb-1.3.2-cp313-cp313-macosx_12_0_arm64.whl", hash = "sha256:a3418c973b06ac4e97f178f803e032c30c9a9f56a3e3b43a866f33223dfbf60b", size = 15535350, upload-time = "2025-07-08T10:40:45.562Z" },
    { url = "https://files.pythonhosted.org/packages/c5/26/6698bbb30b7bce8b8b17697599f1517611c61e4bd68b37eaeaf4f5ddd915/duckdb-1.3.2-cp313-cp313-macosx_12_0_universal2.whl", hash = "sha256:2a741eae2cf110fd2223eeebe4151e22c0c02803e1cfac6880dbe8a39fecab6a", size = 32534715, upload-time = "2025-07-08T10:40:47.615Z" },
    { url = "https://files.pythonhosted.org/packages/10/75/8ab4da3099a2fac7335ecebce4246706d19bdd5dad167aa436b5b27c43c4/duckdb-1.3.2-cp313-cp313-macosx_12_0_x86_64.whl", hash = "sha256:51e62541341ea1a9e31f0f1ade2496a39b742caf513bebd52396f42ddd6525a0", size = 17110300, upload-time = "2025-07-08T10:40:49.674Z" },
    { url = "https://files.pythonhosted.org/packages/d1/46/af81b10d4a66a0f27c248df296d1b41ff2a305a235ed8488f93240f6f8b5/duckdb-1.3.2-cp313-cp313-manylinux_2_27_aarch64.manylinux_2_28_aarch64.whl", hash = "sha256:b3e519de5640e5671f1731b3ae6b496e0ed7e4de4a1c25c7a2f34c991ab64d71", size = 19180082, upload-time = "2025-07-08T10:40:51.679Z" },
    { url = "https://files.pythonhosted.org/packages/68/fc/259a54fc22111a847981927aa58528d766e8b228c6d41deb0ad8a1959f9f/duckdb-1.3.2-cp313-cp313-manylinux_2_27_x86_64.manylinux_2_28_x86_64.whl", hash = "sha256:4732fb8cc60566b60e7e53b8c19972cb5ed12d285147a3063b16cc64a79f6d9f", size = 21128404, upload-time = "2025-07-08T10:40:53.772Z" },
    { url = "https://files.pythonhosted.org/packages/ab/dc/5d5140383e40661173dacdceaddee2a97c3f6721a5e8d76e08258110595e/duckdb-1.3.2-cp313-cp313-musllinux_1_2_x86_64.whl", hash = "sha256:97f7a22dcaa1cca889d12c3dc43a999468375cdb6f6fe56edf840e062d4a8293", size = 22779786, upload-time = "2025-07-08T10:40:55.826Z" },
    { url = "https://files.pythonhosted.org/packages/51/c9/2fcd86ab7530a5b6caff42dbe516ce7a86277e12c499d1c1f5acd266ffb2/duckdb-1.3.2-cp313-cp313-win_amd64.whl", hash = "sha256:cd3d717bf9c49ef4b1016c2216517572258fa645c2923e91c5234053defa3fb5", size = 11395370, upload-time = "2025-07-08T10:40:57.655Z" },
    { url = "https://files.pythonhosted.org/packages/e5/e1/2e98d78eebcf405f1900e22c4ec3f5f7e2d4ed889693f95103255f6a1452/duckdb-1.3.2-cp39-cp39-macosx_12_0_arm64.whl", hash = "sha256:18862e3b8a805f2204543d42d5f103b629cb7f7f2e69f5188eceb0b8a023f0af", size = 15519301, upload-time = "2025-07-08T10:40:59.409Z" },
    { url = "https://files.pythonhosted.org/packages/f7/73/ee28ba97b5dd2da5d1bb4e592e79384d54288d82ec34e75c068012b36f53/duckdb-1.3.2-cp39-cp39-macosx_12_0_universal2.whl", hash = "sha256:75ed129761b6159f0b8eca4854e496a3c4c416e888537ec47ff8eb35fda2b667", size = 32494620, upload-time = "2025-07-08T10:41:01.546Z" },
    { url = "https://files.pythonhosted.org/packages/a6/0b/67f938499c6c52df90c821a8a3f25699274ce7fbf46fa9227bc4c0bd92fe/duckdb-1.3.2-cp39-cp39-macosx_12_0_x86_64.whl", hash = "sha256:875193ae9f718bc80ab5635435de5b313e3de3ec99420a9b25275ddc5c45ff58", size = 17086693, upload-time = "2025-07-08T10:41:04.51Z" },
    { url = "https://files.pythonhosted.org/packages/6c/2d/373665ef567ef0d6bcf9caf9803b697168f9e6904aff99d5782a1c5e91d1/duckdb-1.3.2-cp39-cp39-manylinux_2_27_aarch64.manylinux_2_28_aarch64.whl", hash = "sha256:09b5fd8a112301096668903781ad5944c3aec2af27622bd80eae54149de42b42", size = 19144704, upload-time = "2025-07-08T10:41:06.458Z" },
    { url = "https://files.pythonhosted.org/packages/b1/18/9a89fa02689db8496d414f96d2e0ea56a24910c546c126c8a4626f3a51ee/duckdb-1.3.2-cp39-cp39-manylinux_2_27_x86_64.manylinux_2_28_x86_64.whl", hash = "sha256:10cb87ad964b989175e7757d7ada0b1a7264b401a79be2f828cf8f7c366f7f95", size = 21073117, upload-time = "2025-07-08T10:41:08.396Z" },
    { url = "https://files.pythonhosted.org/packages/2e/97/2b09ad149081d75534fe063ff6a1b4b91fffe7e17816a7d9261aa7456788/duckdb-1.3.2-cp39-cp39-musllinux_1_2_x86_64.whl", hash = "sha256:4389fc3812e26977034fe3ff08d1f7dbfe6d2d8337487b4686f2b50e254d7ee3", size = 22723577, upload-time = "2025-07-08T10:41:10.392Z" },
    { url = "https://files.pythonhosted.org/packages/6d/78/8c096f1ef46205f561e7e62d1aff749a079cf57f5c433485f55e15463041/duckdb-1.3.2-cp39-cp39-win_amd64.whl", hash = "sha256:07952ec6f45dd3c7db0f825d231232dc889f1f2490b97a4e9b7abb6830145a19", size = 11387099, upload-time = "2025-07-08T10:41:12.691Z" },
]

[[package]]
name = "duckdb"
version = "1.4.3"
source = { registry = "https://pypi.org/simple" }
resolution-markers = [
    "python_full_version >= '3.9'",
]
sdist = { url = "https://files.pythonhosted.org/packages/7f/da/17c3eb5458af69d54dedc8d18e4a32ceaa8ce4d4c699d45d6d8287e790c3/duckdb-1.4.3.tar.gz", hash = "sha256:fea43e03604c713e25a25211ada87d30cd2a044d8f27afab5deba26ac49e5268", size = 18478418, upload-time = "2025-12-09T10:59:22.945Z" }
wheels = [
    { url = "https://files.pythonhosted.org/packages/76/3a/ea8e237e1ba40203dea4ed6a8798ea51e66a4c4f34605697025e5fa06fdd/duckdb-1.4.3-cp310-cp310-macosx_10_9_universal2.whl", hash = "sha256:efa7f1191c59e34b688fcd4e588c1b903a4e4e1f4804945902cf0b20e08a9001", size = 29016021, upload-time = "2025-12-09T10:57:46.847Z" },
    { url = "https://files.pythonhosted.org/packages/48/88/07615298a2871362b454237b6a2d7724e6ba0afba2bddedddde5bbf129d5/duckdb-1.4.3-cp310-cp310-macosx_10_9_x86_64.whl", hash = "sha256:4fef6a053a1c485292000bf0c338bba60f89d334f6a06fc76ba4085a5a322b76", size = 15405906, upload-time = "2025-12-09T10:57:49.213Z" },
    { url = "https://files.pythonhosted.org/packages/fa/66/b407ab3cd4822191aa5defb27522213b6ba670437c7da09a062d8b75b0a4/duckdb-1.4.3-cp310-cp310-macosx_11_0_arm64.whl", hash = "sha256:702dabbc22b27dc5b73e7599c60deef3d8c59968527c36b391773efddd8f4cf1", size = 13732991, upload-time = "2025-12-09T10:57:51.189Z" },
    { url = "https://files.pythonhosted.org/packages/33/f0/e8edab80446d87b4e0faf3aaa440f9cfd9d0609c21a4be56174c8ba7d23c/duckdb-1.4.3-cp310-cp310-manylinux_2_26_aarch64.manylinux_2_28_aarch64.whl", hash = "sha256:854b79375fa618f6ffa8d84fb45cbc9db887f6c4834076ea10d20bc106f1fd90", size = 18471503, upload-time = "2025-12-09T10:57:53.186Z" },
    { url = "https://files.pythonhosted.org/packages/8c/7a/8d257bc847f0ac6a6639ae0a6e7f35f0b5bfbae472ee4846ee32404670a6/duckdb-1.4.3-cp310-cp310-manylinux_2_26_x86_64.manylinux_2_28_x86_64.whl", hash = "sha256:1bb8bd5a3dd205983726185b280a211eacc9f5bc0c4d4505bec8c87ac33a8ccb", size = 20466012, upload-time = "2025-12-09T10:57:55.702Z" },
    { url = "https://files.pythonhosted.org/packages/cf/d1/8f6bdaf2da6a076dd63c84ed87fb82d0741c9f4acb3dd476d73ca0a08ffe/duckdb-1.4.3-cp310-cp310-win_amd64.whl", hash = "sha256:d0ff08388ef8b1d1a4c95c321d6c5fa11201b241036b1ee740f9d841df3d6ba2", size = 12328392, upload-time = "2025-12-09T10:57:57.718Z" },
    { url = "https://files.pythonhosted.org/packages/ec/bc/7c5e50e440c8629495678bc57bdfc1bb8e62f61090f2d5441e2bd0a0ed96/duckdb-1.4.3-cp311-cp311-macosx_10_9_universal2.whl", hash = "sha256:366bf607088053dce845c9d24c202c04d78022436cc5d8e4c9f0492de04afbe7", size = 29019361, upload-time = "2025-12-09T10:57:59.845Z" },
    { url = "https://files.pythonhosted.org/packages/26/15/c04a4faf0dfddad2259cab72bf0bd4b3d010f2347642541bd254d516bf93/duckdb-1.4.3-cp311-cp311-macosx_10_9_x86_64.whl", hash = "sha256:8d080e8d1bf2d226423ec781f539c8f6b6ef3fd42a9a58a7160de0a00877a21f", size = 15407465, upload-time = "2025-12-09T10:58:02.465Z" },
    { url = "https://files.pythonhosted.org/packages/cb/54/a049490187c9529932fc153f7e1b92a9e145586281fe4e03ce0535a0497c/duckdb-1.4.3-cp311-cp311-macosx_11_0_arm64.whl", hash = "sha256:9dc049ba7e906cb49ca2b6d4fbf7b6615ec3883193e8abb93f0bef2652e42dda", size = 13735781, upload-time = "2025-12-09T10:58:04.847Z" },
    { url = "https://files.pythonhosted.org/packages/14/b7/ee594dcecbc9469ec3cd1fb1f81cb5fa289ab444b80cfb5640c8f467f75f/duckdb-1.4.3-cp311-cp311-manylinux_2_26_aarch64.manylinux_2_28_aarch64.whl", hash = "sha256:2b30245375ea94ab528c87c61fc3ab3e36331180b16af92ee3a37b810a745d24", size = 18470729, upload-time = "2025-12-09T10:58:07.116Z" },
    { url = "https://files.pythonhosted.org/packages/df/5f/a6c1862ed8a96d8d930feb6af5e55aadd983310aab75142468c2cb32a2a3/duckdb-1.4.3-cp311-cp311-manylinux_2_26_x86_64.manylinux_2_28_x86_64.whl", hash = "sha256:a7c864df027da1ee95f0c32def67e15d02cd4a906c9c1cbae82c09c5112f526b", size = 20471399, upload-time = "2025-12-09T10:58:09.714Z" },
    { url = "https://files.pythonhosted.org/packages/5b/80/c05c0b6a6107b618927b7dcabe3bba6a7eecd951f25c9dbcd9c1f9577cc8/duckdb-1.4.3-cp311-cp311-win_amd64.whl", hash = "sha256:813f189039b46877b5517f1909c7b94a8fe01b4bde2640ab217537ea0fe9b59b", size = 12329359, upload-time = "2025-12-09T10:58:12.147Z" },
    { url = "https://files.pythonhosted.org/packages/b0/83/9d8fc3413f854effa680dcad1781f68f3ada8679863c0c94ba3b36bae6ff/duckdb-1.4.3-cp311-cp311-win_arm64.whl", hash = "sha256:fbc63ffdd03835f660155b37a1b6db2005bcd46e5ad398b8cac141eb305d2a3d", size = 13070898, upload-time = "2025-12-09T10:58:14.301Z" },
    { url = "https://files.pythonhosted.org/packages/5a/d7/fdc2139b94297fc5659110a38adde293d025e320673ae5e472b95d323c50/duckdb-1.4.3-cp312-cp312-macosx_10_13_universal2.whl", hash = "sha256:6302452e57aef29aae3977063810ed7b2927967b97912947b9cca45c1c21955f", size = 29033112, upload-time = "2025-12-09T10:58:16.52Z" },
    { url = "https://files.pythonhosted.org/packages/eb/d9/ca93df1ce19aef8f799e3aaacf754a4dde7e9169c0b333557752d21d076a/duckdb-1.4.3-cp312-cp312-macosx_10_13_x86_64.whl", hash = "sha256:deab351ac43b6282a3270e3d40e3d57b3b50f472d9fd8c30975d88a31be41231", size = 15414646, upload-time = "2025-12-09T10:58:19.36Z" },
    { url = "https://files.pythonhosted.org/packages/16/90/9f2748e740f5fc05b739e7c5c25aab6ab4363e5da4c3c70419c7121dc806/duckdb-1.4.3-cp312-cp312-macosx_11_0_arm64.whl", hash = "sha256:5634e40e1e2d972e4f75bced1fbdd9e9e90faa26445c1052b27de97ee546944a", size = 13740477, upload-time = "2025-12-09T10:58:21.778Z" },
    { url = "https://files.pythonhosted.org/packages/5f/ec/279723615b4fb454efd823b7efe97cf2504569e2e74d15defbbd6b027901/duckdb-1.4.3-cp312-cp312-manylinux_2_26_aarch64.manylinux_2_28_aarch64.whl", hash = "sha256:274d4a31aba63115f23e7e7b401e3e3a937f3626dc9dea820a9c7d3073f450d2", size = 18483715, upload-time = "2025-12-09T10:58:24.346Z" },
    { url = "https://files.pythonhosted.org/packages/10/63/af20cd20fd7fd6565ea5a1578c16157b6a6e07923e459a6f9b0dc9ada308/duckdb-1.4.3-cp312-cp312-manylinux_2_26_x86_64.manylinux_2_28_x86_64.whl", hash = "sha256:4f868a7e6d9b37274a1aa34849ea92aa964e9bd59a5237d6c17e8540533a1e4f", size = 20495188, upload-time = "2025-12-09T10:58:26.806Z" },
    { url = "https://files.pythonhosted.org/packages/8c/ab/0acb4b64afb2cc6c1d458a391c64e36be40137460f176c04686c965ce0e0/duckdb-1.4.3-cp312-cp312-win_amd64.whl", hash = "sha256:ef7ef15347ce97201b1b5182a5697682679b04c3374d5a01ac10ba31cf791b95", size = 12335622, upload-time = "2025-12-09T10:58:29.707Z" },
    { url = "https://files.pythonhosted.org/packages/50/d5/2a795745f6597a5e65770141da6efdc4fd754e5ee6d652f74bcb7f9c7759/duckdb-1.4.3-cp312-cp312-win_arm64.whl", hash = "sha256:1b9b445970fd18274d5ac07a0b24c032e228f967332fb5ebab3d7db27738c0e4", size = 13075834, upload-time = "2025-12-09T10:58:32.036Z" },
    { url = "https://files.pythonhosted.org/packages/fd/76/288cca43a10ddd082788e1a71f1dc68d9130b5d078c3ffd0edf2f3a8719f/duckdb-1.4.3-cp313-cp313-macosx_10_13_universal2.whl", hash = "sha256:16952ac05bd7e7b39946695452bf450db1ebbe387e1e7178e10f593f2ea7b9a8", size = 29033392, upload-time = "2025-12-09T10:58:34.631Z" },
    { url = "https://files.pythonhosted.org/packages/64/07/cbad3d3da24af4d1add9bccb5fb390fac726ffa0c0cebd29bf5591cef334/duckdb-1.4.3-cp313-cp313-macosx_10_13_x86_64.whl", hash = "sha256:de984cd24a6cbefdd6d4a349f7b9a46e583ca3e58ce10d8def0b20a6e5fcbe78", size = 15414567, upload-time = "2025-12-09T10:58:37.051Z" },
    { url = "https://files.pythonhosted.org/packages/c4/19/57af0cc66ba2ffb8900f567c9aec188c6ab2a7b3f2260e9c6c3c5f9b57b1/duckdb-1.4.3-cp313-cp313-macosx_11_0_arm64.whl", hash = "sha256:1e5457dda91b67258aae30fb1a0df84183a9f6cd27abac1d5536c0d876c6dfa1", size = 13740960, upload-time = "2025-12-09T10:58:39.658Z" },
    { url = "https://files.pythonhosted.org/packages/73/dd/23152458cf5fd51e813fadda60b9b5f011517634aa4bb9301f5f3aa951d8/duckdb-1.4.3-cp313-cp313-manylinux_2_26_aarch64.manylinux_2_28_aarch64.whl", hash = "sha256:006aca6a6d6736c441b02ff5c7600b099bb8b7f4de094b8b062137efddce42df", size = 18484312, upload-time = "2025-12-09T10:58:42.054Z" },
    { url = "https://files.pythonhosted.org/packages/1a/7b/adf3f611f11997fc429d4b00a730604b65d952417f36a10c4be6e38e064d/duckdb-1.4.3-cp313-cp313-manylinux_2_26_x86_64.manylinux_2_28_x86_64.whl", hash = "sha256:a2813f4635f4d6681cc3304020374c46aca82758c6740d7edbc237fe3aae2744", size = 20495571, upload-time = "2025-12-09T10:58:44.646Z" },
    { url = "https://files.pythonhosted.org/packages/40/d5/6b7ddda7713a788ab2d622c7267ec317718f2bdc746ce1fca49b7ff0e50f/duckdb-1.4.3-cp313-cp313-win_amd64.whl", hash = "sha256:6db124f53a3edcb32b0a896ad3519e37477f7e67bf4811cb41ab60c1ef74e4c8", size = 12335680, upload-time = "2025-12-09T10:58:46.883Z" },
    { url = "https://files.pythonhosted.org/packages/e8/28/0670135cf54525081fded9bac1254f78984e3b96a6059cd15aca262e3430/duckdb-1.4.3-cp313-cp313-win_arm64.whl", hash = "sha256:a8b0a8764e1b5dd043d168c8f749314f7a1252b5a260fa415adaa26fa3b958fd", size = 13075161, upload-time = "2025-12-09T10:58:49.47Z" },
    { url = "https://files.pythonhosted.org/packages/b6/f4/a38651e478fa41eeb8e43a0a9c0d4cd8633adea856e3ac5ac95124b0fdbf/duckdb-1.4.3-cp314-cp314-macosx_10_15_universal2.whl", hash = "sha256:316711a9e852bcfe1ed6241a5f654983f67e909e290495f3562cccdf43be8180", size = 29042272, upload-time = "2025-12-09T10:58:51.826Z" },
    { url = "https://files.pythonhosted.org/packages/16/de/2cf171a66098ce5aeeb7371511bd2b3d7b73a2090603b0b9df39f8aaf814/duckdb-1.4.3-cp314-cp314-macosx_10_15_x86_64.whl", hash = "sha256:9e625b2b4d52bafa1fd0ebdb0990c3961dac8bb00e30d327185de95b68202131", size = 15419343, upload-time = "2025-12-09T10:58:54.439Z" },
    { url = "https://files.pythonhosted.org/packages/35/28/6b0a7830828d4e9a37420d87e80fe6171d2869a9d3d960bf5d7c3b8c7ee4/duckdb-1.4.3-cp314-cp314-macosx_11_0_arm64.whl", hash = "sha256:130c6760f6c573f9c9fe9aba56adba0fab48811a4871b7b8fd667318b4a3e8da", size = 13748905, upload-time = "2025-12-09T10:58:56.656Z" },
    { url = "https://files.pythonhosted.org/packages/15/4d/778628e194d63967870873b9581c8a6b4626974aa4fbe09f32708a2d3d3a/duckdb-1.4.3-cp314-cp314-manylinux_2_26_aarch64.manylinux_2_28_aarch64.whl", hash = "sha256:20c88effaa557a11267706b01419c542fe42f893dee66e5a6daa5974ea2d4a46", size = 18487261, upload-time = "2025-12-09T10:58:58.866Z" },
    { url = "https://files.pythonhosted.org/packages/c6/5f/87e43af2e4a0135f9675449563e7c2f9b6f1fe6a2d1691c96b091f3904dd/duckdb-1.4.3-cp314-cp314-manylinux_2_26_x86_64.manylinux_2_28_x86_64.whl", hash = "sha256:1b35491db98ccd11d151165497c084a9d29d3dc42fc80abea2715a6c861ca43d", size = 20497138, upload-time = "2025-12-09T10:59:01.241Z" },
    { url = "https://files.pythonhosted.org/packages/94/41/abec537cc7c519121a2a83b9a6f180af8915fabb433777dc147744513e74/duckdb-1.4.3-cp314-cp314-win_amd64.whl", hash = "sha256:23b12854032c1a58d0452e2b212afa908d4ce64171862f3792ba9a596ba7c765", size = 12836056, upload-time = "2025-12-09T10:59:03.388Z" },
    { url = "https://files.pythonhosted.org/packages/b1/5a/8af5b96ce5622b6168854f479ce846cf7fb589813dcc7d8724233c37ded3/duckdb-1.4.3-cp314-cp314-win_arm64.whl", hash = "sha256:90f241f25cffe7241bf9f376754a5845c74775e00e1c5731119dc88cd71e0cb2", size = 13527759, upload-time = "2025-12-09T10:59:05.496Z" },
    { url = "https://files.pythonhosted.org/packages/b0/c0/69d20e9763cf1f4b36f00f0bde0b1be41ee1905cf5386d8bd3ea9035bad9/duckdb-1.4.3-cp39-cp39-macosx_10_9_universal2.whl", hash = "sha256:aa26a7406205bc1426cee28bdfdf084f669a5686977dafa4c3ec65873989593c", size = 29015354, upload-time = "2025-12-09T10:59:07.936Z" },
    { url = "https://files.pythonhosted.org/packages/08/b7/91f9d53db0b8ebda6912a70916db03cffc51ac5f716dc58ea66018309c8e/duckdb-1.4.3-cp39-cp39-macosx_10_9_x86_64.whl", hash = "sha256:caa2164c91f7e91befb1ffb081b3cd97a137117533aef7abe1538b03ad72e3a9", size = 15405102, upload-time = "2025-12-09T10:59:10.959Z" },
    { url = "https://files.pythonhosted.org/packages/34/ff/52737c590c7cbac6d583619915ed62c7611d41ba1501e3a2698ce20bb7f5/duckdb-1.4.3-cp39-cp39-macosx_11_0_arm64.whl", hash = "sha256:8d53b217698a76c4957e2c807dd9295d409146f9d3d7932f372883201ba9d25a", size = 13732726, upload-time = "2025-12-09T10:59:13.299Z" },
    { url = "https://files.pythonhosted.org/packages/94/5f/6225b629b64be17001b4290e8fd999f09e2efd034ab51a15b3adee8915a7/duckdb-1.4.3-cp39-cp39-manylinux_2_26_aarch64.manylinux_2_28_aarch64.whl", hash = "sha256:8afba22c370f06b7314aa46bfed052509269e482bcfb3f7b1ea0fa17ae49ce42", size = 18449076, upload-time = "2025-12-09T10:59:15.577Z" },
    { url = "https://files.pythonhosted.org/packages/ec/bc/ed0cf343519ef6a204eeb77e73b851bf92daf35815120402d724a7909231/duckdb-1.4.3-cp39-cp39-manylinux_2_26_x86_64.manylinux_2_28_x86_64.whl", hash = "sha256:2b195270ff1a661f22cbd547a215baff265b7d4469a76a215c8992b5994107c3", size = 20451540, upload-time = "2025-12-09T10:59:17.953Z" },
    { url = "https://files.pythonhosted.org/packages/05/ca/6449669aab22d78022d6ab879a95a029ff238b5dd8feffc85f37630abafa/duckdb-1.4.3-cp39-cp39-win_amd64.whl", hash = "sha256:23a3a077821bed1768a84ac9cbf6b6487ead33e28e62cb118bda5fb8f9e53dea", size = 12327213, upload-time = "2025-12-09T10:59:20.48Z" },
]

[[package]]
name = "duckdb-car-tracking"
version = "0.1.0"
source = { virtual = "." }
dependencies = [
    { name = "duckdb", version = "1.3.2", source = { registry = "https://pypi.org/simple" }, marker = "python_full_version < '3.9'" },
    { name = "duckdb", version = "1.4.3", source = { registry = "https://pypi.org/simple" }, marker = "python_full_version >= '3.9'" },
]

[package.metadata]
requires-dist = [{ name = "duckdb", specifier = ">=0.10.0" }]
